
Microsoft Visual Studio Solution File, Format Version 12.00
# Visual Studio Version 16
VisualStudioVersion = 16.0.30204.135
MinimumVisualStudioVersion = 10.0.40219.1
Project("{9A19103F-16F7-4668-BE54-9A1E7A4F7556}") = "TypeRace", "TypeRace\TypeRace.csproj", "{E90B4411-F11A-4972-BABE-4DF308580AAE}"
EndProject
Global
	GlobalSection(SolutionConfigurationPlatforms) = preSolution
		Debug|Any CPU = Debug|Any CPU
		Release|Any CPU = Release|Any CPU
	EndGlobalSection
	GlobalSection(ProjectConfigurationPlatforms) = postSolution
		{E90B4411-F11A-4972-BABE-4DF308580AAE}.Debug|Any CPU.ActiveCfg = Debug|Any CPU
		{E90B4411-F11A-4972-BABE-4DF308580AAE}.Debug|Any CPU.Build.0 = Debug|Any CPU
		{E90B4411-F11A-4972-BABE-4DF308580AAE}.Release|Any CPU.ActiveCfg = Release|Any CPU
		{E90B4411-F11A-4972-BABE-4DF308580AAE}.Release|Any CPU.Build.0 = Release|Any CPU
	EndGlobalSection
	GlobalSection(SolutionProperties) = preSolution
		HideSolutionNode = FALSE
	EndGlobalSection
	GlobalSection(ExtensibilityGlobals) = postSolution
		SolutionGuid = {52275864-C9CA-471A-A8AC-64A4FC9ABCB5}
	EndGlobalSection
EndGlobal
